// !$*UTF8*$!
{
	archiveVersion = 1;
	classes = {
	};
	objectVersion = 46;
	objects = {

/* Begin PBXBuildFile section */
		D6CD9C3219E513E600FF2A56 /* AppDelegate.swift in Sources */ = {isa = PBXBuildFile; fileRef = D6CD9C3119E513E600FF2A56 /* AppDelegate.swift */; };
		D6CD9C3419E513E600FF2A56 /* ViewController.swift in Sources */ = {isa = PBXBuildFile; fileRef = D6CD9C3319E513E600FF2A56 /* ViewController.swift */; };
		D6CD9C3719E513E600FF2A56 /* Main.storyboard in Resources */ = {isa = PBXBuildFile; fileRef = D6CD9C3519E513E600FF2A56 /* Main.storyboard */; };
		D6CD9C3919E513E600FF2A56 /* Images.xcassets in Resources */ = {isa = PBXBuildFile; fileRef = D6CD9C3819E513E600FF2A56 /* Images.xcassets */; };
		D6CD9C3C19E513E600FF2A56 /* LaunchScreen.xib in Resources */ = {isa = PBXBuildFile; fileRef = D6CD9C3A19E513E600FF2A56 /* LaunchScreen.xib */; };
		D6CD9C4819E513E600FF2A56 /* swiftUIAlertControllerTests.swift in Sources */ = {isa = PBXBuildFile; fileRef = D6CD9C4719E513E600FF2A56 /* swiftUIAlertControllerTests.swift */; };
/* End PBXBuildFile section */

/* Begin PBXContainerItemProxy section */
		D6CD9C4219E513E600FF2A56 /* PBXContainerItemProxy */ = {
			isa = PBXContainerItemProxy;
			containerPortal = D6CD9C2419E513E600FF2A56 /* Project object */;
			proxyType = 1;
			remoteGlobalIDString = D6CD9C2B19E513E600FF2A56;
			remoteInfo = swiftUIAlertController;
		};
/* End PBXContainerItemProxy section */

/* Begin PBXFileReference section */
		D6CD9C2C19E513E600FF2A56 /* swiftUIAlertController.app */ = {isa = PBXFileReference; explicitFileType = wrapper.application; includeInIndex = 0; path = swiftUIAlertController.app; sourceTree = BUILT_PRODUCTS_DIR; };
		D6CD9C3019E513E600FF2A56 /* Info.plist */ = {isa = PBXFileReference; lastKnownFileType = text.plist.xml; path = Info.plist; sourceTree = "<group>"; };
		D6CD9C3119E513E600FF2A56 /* AppDelegate.swift */ = {isa = PBXFileReference; lastKnownFileType = sourcecode.swift; path = AppDelegate.swift; sourceTree = "<group>"; };
		D6CD9C3319E513E600FF2A56 /* ViewController.swift */ = {isa = PBXFileReference; lastKnownFileType = sourcecode.swift; path = ViewController.swift; sourceTree = "<group>"; };
		D6CD9C3619E513E600FF2A56 /* Base */ = {isa = PBXFileReference; lastKnownFileType = file.storyboard; name = Base; path = Base.lproj/Main.storyboard; sourceTree = "<group>"; };
		D6CD9C3819E513E600FF2A56 /* Images.xcassets */ = {isa = PBXFileReference; lastKnownFileType = folder.assetcatalog; path = Images.xcassets; sourceTree = "<group>"; };
		D6CD9C3B19E513E600FF2A56 /* Base */ = {isa = PBXFileReference; lastKnownFileType = file.xib; name = Base; path = Base.lproj/LaunchScreen.xib; sourceTree = "<group>"; };
		D6CD9C4119E513E600FF2A56 /* swiftUIAlertControllerTests.xctest */ = {isa = PBXFileReference; explicitFileType = wrapper.cfbundle; includeInIndex = 0; path = swiftUIAlertControllerTests.xctest; sourceTree = BUILT_PRODUCTS_DIR; };
		D6CD9C4619E513E600FF2A56 /* Info.plist */ = {isa = PBXFileReference; lastKnownFileType = text.plist.xml; path = Info.plist; sourceTree = "<group>"; };
		D6CD9C4719E513E600FF2A56 /* swiftUIAlertControllerTests.swift */ = {isa = PBXFileReference; lastKnownFileType = sourcecode.swift; path = swiftUIAlertControllerTests.swift; sourceTree = "<group>"; };
/* End PBXFileReference section */

/* Begin PBXFrameworksBuildPhase section */
		D6CD9C2919E513E600FF2A56 /* Frameworks */ = {
			isa = PBXFrameworksBuildPhase;
			buildActionMask = 2147483647;
			files = (
			);
			runOnlyForDeploymentPostprocessing = 0;
		};
		D6CD9C3E19E513E600FF2A56 /* Frameworks */ = {
			isa = PBXFrameworksBuildPhase;
			buildActionMask = 2147483647;
			files = (
			);
			runOnlyForDeploymentPostprocessing = 0;
		};
/* End PBXFrameworksBuildPhase section */

/* Begin PBXGroup section */
		D6CD9C2319E513E600FF2A56 = {
			isa = PBXGroup;
			children = (
				D6CD9C2E19E513E600FF2A56 /* swiftUIAlertController */,
				D6CD9C4419E513E600FF2A56 /* swiftUIAlertControllerTests */,
				D6CD9C2D19E513E600FF2A56 /* Products */,
			);
			sourceTree = "<group>";
		};
		D6CD9C2D19E513E600FF2A56 /* Products */ = {
			isa = PBXGroup;
			children = (
				D6CD9C2C19E513E600FF2A56 /* swiftUIAlertController.app */,
				D6CD9C4119E513E600FF2A56 /* swiftUIAlertControllerTests.xctest */,
			);
			name = Products;
			sourceTree = "<group>";
		};
		D6CD9C2E19E513E600FF2A56 /* swiftUIAlertController */ = {
			isa = PBXGroup;
			children = (
				D6CD9C3119E513E600FF2A56 /* AppDelegate.swift */,
				D6CD9C3319E513E600FF2A56 /* ViewController.swift */,
				D6CD9C3519E513E600FF2A56 /* Main.storyboard */,
				D6CD9C3819E513E600FF2A56 /* Images.xcassets */,
				D6CD9C3A19E513E600FF2A56 /* LaunchScreen.xib */,
				D6CD9C2F19E513E600FF2A56 /* Supporting Files */,
			);
			path = swiftUIAlertController;
			sourceTree = "<group>";
		};
		D6CD9C2F19E513E600FF2A56 /* Supporting Files */ = {
			isa = PBXGroup;
			children = (
				D6CD9C3019E513E600FF2A56 /* Info.plist */,
			);
			name = "Supporting Files";
			sourceTree = "<group>";
		};
		D6CD9C4419E513E600FF2A56 /* swiftUIAlertControllerTests */ = {
			isa = PBXGroup;
			children = (
				D6CD9C4719E513E600FF2A56 /* swiftUIAlertControllerTests.swift */,
				D6CD9C4519E513E600FF2A56 /* Supporting Files */,
			);
			path = swiftUIAlertControllerTests;
			sourceTree = "<group>";
		};
		D6CD9C4519E513E600FF2A56 /* Supporting Files */ = {
			isa = PBXGroup;
			children = (
				D6CD9C4619E513E600FF2A56 /* Info.plist */,
			);
			name = "Supporting Files";
			sourceTree = "<group>";
		};
/* End PBXGroup section */

/* Begin PBXNativeTarget section */
		D6CD9C2B19E513E600FF2A56 /* swiftUIAlertController */ = {
			isa = PBXNativeTarget;
			buildConfigurationList = D6CD9C4B19E513E600FF2A56 /* Build configuration list for PBXNativeTarget "swiftUIAlertController" */;
			buildPhases = (
				D6CD9C2819E513E600FF2A56 /* Sources */,
				D6CD9C2919E513E600FF2A56 /* Frameworks */,
				D6CD9C2A19E513E600FF2A56 /* Resources */,
			);
			buildRules = (
			);
			dependencies = (
			);
			name = swiftUIAlertController;
			productName = swiftUIAlertController;
			productReference = D6CD9C2C19E513E600FF2A56 /* swiftUIAlertController.app */;
			productType = "com.apple.product-type.application";
		};
		D6CD9C4019E513E600FF2A56 /* swiftUIAlertControllerTests */ = {
			isa = PBXNativeTarget;
			buildConfigurationList = D6CD9C4E19E513E600FF2A56 /* Build configuration list for PBXNativeTarget "swiftUIAlertControllerTests" */;
			buildPhases = (
				D6CD9C3D19E513E600FF2A56 /* Sources */,
				D6CD9C3E19E513E600FF2A56 /* Frameworks */,
				D6CD9C3F19E513E600FF2A56 /* Resources */,
			);
			buildRules = (
			);
			dependencies = (
				D6CD9C4319E513E600FF2A56 /* PBXTargetDependency */,
			);
			name = swiftUIAlertControllerTests;
			productName = swiftUIAlertControllerTests;
			productReference = D6CD9C4119E513E600FF2A56 /* swiftUIAlertControllerTests.xctest */;
			productType = "com.apple.product-type.bundle.unit-test";
		};
/* End PBXNativeTarget section */

/* Begin PBXProject section */
		D6CD9C2419E513E600FF2A56 /* Project object */ = {
			isa = PBXProject;
			attributes = {
				LastUpgradeCheck = 0600;
				ORGANIZATIONNAME = Takobear;
				TargetAttributes = {
					D6CD9C2B19E513E600FF2A56 = {
						CreatedOnToolsVersion = 6.0;
					};
					D6CD9C4019E513E600FF2A56 = {
						CreatedOnToolsVersion = 6.0;
						TestTargetID = D6CD9C2B19E513E600FF2A56;
					};
				};
			};
			buildConfigurationList = D6CD9C2719E513E600FF2A56 /* Build configuration list for PBXProject "swiftUIAlertController" */;
			compatibilityVersion = "Xcode 3.2";
			developmentRegion = English;
			hasScannedForEncodings = 0;
			knownRegions = (
				en,
				Base,
			);
			mainGroup = D6CD9C2319E513E600FF2A56;
			productRefGroup = D6CD9C2D19E513E600FF2A56 /* Products */;
			projectDirPath = "";
			projectRoot = "";
			targets = (
				D6CD9C2B19E513E600FF2A56 /* swiftUIAlertController */,
				D6CD9C4019E513E600FF2A56 /* swiftUIAlertControllerTests */,
			);
		};
/* End PBXProject section */

/* Begin PBXResourcesBuildPhase section */
		D6CD9C2A19E513E600FF2A56 /* Resources */ = {
			isa = PBXResourcesBuildPhase;
			buildActionMask = 2147483647;
			files = (
				D6CD9C3719E513E600FF2A56 /* Main.storyboard in Resources */,
				D6CD9C3C19E513E600FF2A56 /* LaunchScreen.xib in Resources */,
				D6CD9C3919E513E600FF2A56 /* Images.xcassets in Resources */,
			);
			runOnlyForDeploymentPostprocessing = 0;
		};
		D6CD9C3F19E513E600FF2A56 /* Resources */ = {
			isa = PBXResourcesBuildPhase;
			buildActionMask = 2147483647;
			files = (
			);
			runOnlyForDeploymentPostprocessing = 0;
		};
/* End PBXResourcesBuildPhase section */

/* Begin PBXSourcesBuildPhase section */
		D6CD9C2819E513E600FF2A56 /* Sources */ = {
			isa = PBXSourcesBuildPhase;
			buildActionMask = 2147483647;
			files = (
				D6CD9C3419E513E600FF2A56 /* ViewController.swift in Sources */,
				D6CD9C3219E513E600FF2A56 /* AppDelegate.swift in Sources */,
			);
			runOnlyForDeploymentPostprocessing = 0;
		};
		D6CD9C3D19E513E600FF2A56 /* Sources */ = {
			isa = PBXSourcesBuildPhase;
			buildActionMask = 2147483647;
			files = (
				D6CD9C4819E513E600FF2A56 /* swiftUIAlertControllerTests.swift in Sources */,
			);
			runOnlyForDeploymentPostprocessing = 0;
		};
/* End PBXSourcesBuildPhase section */

/* Begin PBXTargetDependency section */
		D6CD9C4319E513E600FF2A56 /* PBXTargetDependency */ = {
			isa = PBXTargetDependency;
			target = D6CD9C2B19E513E600FF2A56 /* swiftUIAlertController */;
			targetProxy = D6CD9C4219E513E600FF2A56 /* PBXContainerItemProxy */;
		};
/* End PBXTargetDependency section */

/* Begin PBXVariantGroup section */
		D6CD9C3519E513E600FF2A56 /* Main.storyboard */ = {
			isa = PBXVariantGroup;
			children = (
				D6CD9C3619E513E600FF2A56 /* Base */,
			);
			name = Main.storyboard;
			sourceTree = "<group>";
		};
		D6CD9C3A19E513E600FF2A56 /* LaunchScreen.xib */ = {
			isa = PBXVariantGroup;
			children = (
				D6CD9C3B19E513E600FF2A56 /* Base */,
			);
			name = LaunchScreen.xib;
			sourceTree = "<group>";
		};
/* End PBXVariantGroup section */

/* Begin XCBuildConfiguration section */
		D6CD9C4919E513E600FF2A56 /* Debug */ = {
			isa = XCBuildConfiguration;
			buildSettings = {
				ALWAYS_SEARCH_USER_PATHS = NO;
				CLANG_CXX_LANGUAGE_STANDARD = "gnu++0x";
				CLANG_CXX_LIBRARY = "libc++";
				CLANG_ENABLE_MODULES = YES;
				CLANG_ENABLE_OBJC_ARC = YES;
				CLANG_WARN_BOOL_CONVERSION = YES;
				CLANG_WARN_CONSTANT_CONVERSION = YES;
				CLANG_WARN_DIRECT_OBJC_ISA_USAGE = YES_ERROR;
				CLANG_WARN_EMPTY_BODY = YES;
				CLANG_WARN_ENUM_CONVERSION = YES;
				CLANG_WARN_INT_CONVERSION = YES;
				CLANG_WARN_OBJC_ROOT_CLASS = YES_ERROR;
				CLANG_WARN_UNREACHABLE_CODE = YES;
				CLANG_WARN__DUPLICATE_METHOD_MATCH = YES;
				"CODE_SIGN_IDENTITY[sdk=iphoneos*]" = "iPhone Developer";
				COPY_PHASE_STRIP = NO;
				ENABLE_STRICT_OBJC_MSGSEND = YES;
				GCC_C_LANGUAGE_STANDARD = gnu99;
				GCC_DYNAMIC_NO_PIC = NO;
				GCC_OPTIMIZATION_LEVEL = 0;
				GCC_PREPROCESSOR_DEFINITIONS = (
					"DEBUG=1",
					"$(inherited)",
				);
				GCC_SYMBOLS_PRIVATE_EXTERN = NO;
				GCC_WARN_64_TO_32_BIT_CONVERSION = YES;
				GCC_WARN_ABOUT_RETURN_TYPE = YES_ERROR;
				GCC_WARN_UNDECLARED_SELECTOR = YES;
				GCC_WARN_UNINITIALIZED_AUTOS = YES_AGGRESSIVE;
				GCC_WARN_UNUSED_FUNCTION = YES;
				GCC_WARN_UNUSED_VARIABLE = YES;
				IPHONEOS_DEPLOYMENT_TARGET = 8.0;
				MTL_ENABLE_DEBUG_INFO = YES;
				ONLY_ACTIVE_ARCH = YES;
				SDKROOT = iphoneos;
				SWIFT_OPTIMIZATION_LEVEL = "-Onone";
			};
			name = Debug;
		};
		D6CD9C4A19E513E600FF2A56 /* Release */ = {
			isa = XCBuildConfiguration;
			buildSettings = {
				ALWAYS_SEARCH_USER_PATHS = NO;
				CLANG_CXX_LANGUAGE_STANDARD = "gnu++0x";
				CLANG_CXX_LIBRARY = "libc++";
				CLANG_ENABLE_MODULES = YES;
				CLANG_ENABLE_OBJC_ARC = YES;
				CLANG_WARN_BOOL_CONVERSION = YES;
				CLANG_WARN_CONSTANT_CONVERSION = YES;
				CLANG_WARN_DIRECT_OBJC_ISA_USAGE = YES_ERROR;
				CLANG_WARN_EMPTY_BODY = YES;
				CLANG_WARN_ENUM_CONVERSION = YES;
				CLANG_WARN_INT_CONVERSION = YES;
				CLANG_WARN_OBJC_ROOT_CLASS = YES_ERROR;
				CLANG_WARN_UNREACHABLE_CODE = YES;
				CLANG_WARN__DUPLICATE_METHOD_MATCH = YES;
				"CODE_SIGN_IDENTITY[sdk=iphoneos*]" = "iPhone Developer";
				COPY_PHASE_STRIP = YES;
				ENABLE_NS_ASSERTIONS = NO;
				ENABLE_STRICT_OBJC_MSGSEND = YES;
				GCC_C_LANGUAGE_STANDARD = gnu99;
				GCC_WARN_64_TO_32_BIT_CONVERSION = YES;
				GCC_WARN_ABOUT_RETURN_TYPE = YES_ERROR;
				GCC_WARN_UNDECLARED_SELECTOR = YES;
				GCC_WARN_UNINITIALIZED_AUTOS = YES_AGGRESSIVE;
				GCC_WARN_UNUSED_FUNCTION = YES;
				GCC_WARN_UNUSED_VARIABLE = YES;
				IPHONEOS_DEPLOYMENT_TARGET = 8.0;
				MTL_ENABLE_DEBUG_INFO = NO;
				SDKROOT = iphoneos;
				VALIDATE_PRODUCT = YES;
			};
			name = Release;
		};
		D6CD9C4C19E513E600FF2A56 /* Debug */ = {
			isa = XCBuildConfiguration;
			buildSettings = {
				ASSETCATALOG_COMPILER_APPICON_NAME = AppIcon;
				INFOPLIST_FILE = swiftUIAlertController/Info.plist;
				LD_RUNPATH_SEARCH_PATHS = "$(inherited) @executable_path/Frameworks";
				PRODUCT_NAME = "$(TARGET_NAME)";
			};
			name = Debug;
		};
		D6CD9C4D19E513E600FF2A56 /* Release */ = {
			isa = XCBuildConfiguration;
			buildSettings = {
				ASSETCATALOG_COMPILER_APPICON_NAME = AppIcon;
				INFOPLIST_FILE = swiftUIAlertController/Info.plist;
				LD_RUNPATH_SEARCH_PATHS = "$(inherited) @executable_path/Frameworks";
				PRODUCT_NAME = "$(TARGET_NAME)";
			};
			name = Release;
		};
		D6CD9C4F19E513E600FF2A56 /* Debug */ = {
			isa = XCBuildConfiguration;
			buildSettings = {
				BUNDLE_LOADER = "$(TEST_HOST)";
				FRAMEWORK_SEARCH_PATHS = (
					"$(SDKROOT)/Developer/Library/Frameworks",
					"$(inherited)",
				);
				GCC_PREPROCESSOR_DEFINITIONS = (
					"DEBUG=1",
					"$(inherited)",
				);
				INFOPLIST_FILE = swiftUIAlertControllerTests/Info.plist;
				LD_RUNPATH_SEARCH_PATHS = "$(inherited) @executable_path/Frameworks @loader_path/Frameworks";
				PRODUCT_NAME = "$(TARGET_NAME)";
				TEST_HOST = "$(BUILT_PRODUCTS_DIR)/swiftUIAlertController.app/swiftUIAlertController";
			};
			name = Debug;
		};
		D6CD9C5019E513E600FF2A56 /* Release */ = {
			isa = XCBuildConfiguration;
			buildSettings = {
				BUNDLE_LOADER = "$(TEST_HOST)";
				FRAMEWORK_SEARCH_PATHS = (
					"$(SDKROOT)/Developer/Library/Frameworks",
					"$(inherited)",
				);
				INFOPLIST_FILE = swiftUIAlertControllerTests/Info.plist;
				LD_RUNPATH_SEARCH_PATHS = "$(inherited) @executable_path/Frameworks @loader_path/Frameworks";
				PRODUCT_NAME = "$(TARGET_NAME)";
				TEST_HOST = "$(BUILT_PRODUCTS_DIR)/swiftUIAlertController.app/swiftUIAlertController";
			};
			name = Release;
		};
/* End XCBuildConfiguration section */

/* Begin XCConfigurationList section */
		D6CD9C2719E513E600FF2A56 /* Build configuration list for PBXProject "swiftUIAlertController" */ = {
			isa = XCConfigurationList;
			buildConfigurations = (
				D6CD9C4919E513E600FF2A56 /* Debug */,
				D6CD9C4A19E513E600FF2A56 /* Release */,
			);
			defaultConfigurationIsVisible = 0;
			defaultConfigurationName = Release;
		};
		D6CD9C4B19E513E600FF2A56 /* Build configuration list for PBXNativeTarget "swiftUIAlertController" */ = {
			isa = XCConfigurationList;
			buildConfigurations = (
				D6CD9C4C19E513E600FF2A56 /* Debug */,
				D6CD9C4D19E513E600FF2A56 /* Release */,
			);
			defaultConfigurationIsVisible = 0;
		};
		D6CD9C4E19E513E600FF2A56 /* Build configuration list for PBXNativeTarget "swiftUIAlertControllerTests" */ = {
			isa = XCConfigurationList;
			buildConfigurations = (
				D6CD9C4F19E513E600FF2A56 /* Debug */,
				D6CD9C5019E513E600FF2A56 /* Release */,
			);
			defaultConfigurationIsVisible = 0;
		};
/* End XCConfigurationList section */
	};
	rootObject = D6CD9C2419E513E600FF2A56 /* Project object */;
}
